
Microsoft Visual Studio Solution File, Format Version 11.00
# Visual Studio 2010
Project("{FAE04EC0-301F-11D3-BF4B-00C04F79EFBC}") = "QuanLyNhaHang", "QuanLyNhaHang\QuanLyNhaHang.csproj", "{27B496AE-F0B0-4698-BAD3-3F20BF287032}"
EndProject
Global
	GlobalSection(SolutionConfigurationPlatforms) = preSolution
		Debug|x86 = Debug|x86
		Release|x86 = Release|x86
	EndGlobalSection
	GlobalSection(ProjectConfigurationPlatforms) = postSolution
		{27B496AE-F0B0-4698-BAD3-3F20BF287032}.Debug|x86.ActiveCfg = Debug|x86
		{27B496AE-F0B0-4698-BAD3-3F20BF287032}.Debug|x86.Build.0 = Debug|x86
		{27B496AE-F0B0-4698-BAD3-3F20BF287032}.Release|x86.ActiveCfg = Release|x86
		{27B496AE-F0B0-4698-BAD3-3F20BF287032}.Release|x86.Build.0 = Release|x86
	EndGlobalSection
	GlobalSection(SolutionProperties) = preSolution
		HideSolutionNode = FALSE
	EndGlobalSection
EndGlobal
